// !$*UTF8*$!
{
	archiveVersion = 1;
	classes = {
	};
	objectVersion = 46;
	objects = {

/* Begin PBXBuildFile section */
		9A3449281BCC1D6D00CB51C4 /* AppDelegate.swift in Sources */ = {isa = PBXBuildFile; fileRef = 9A3449271BCC1D6D00CB51C4 /* AppDelegate.swift */; };
		9A34492A1BCC1D6D00CB51C4 /* ViewController.swift in Sources */ = {isa = PBXBuildFile; fileRef = 9A3449291BCC1D6D00CB51C4 /* ViewController.swift */; };
		9A34492D1BCC1D6D00CB51C4 /* Main.storyboard in Resources */ = {isa = PBXBuildFile; fileRef = 9A34492B1BCC1D6D00CB51C4 /* Main.storyboard */; };
		9A34492F1BCC1D6D00CB51C4 /* Assets.xcassets in Resources */ = {isa = PBXBuildFile; fileRef = 9A34492E1BCC1D6D00CB51C4 /* Assets.xcassets */; };
		9A3449321BCC1D6D00CB51C4 /* LaunchScreen.storyboard in Resources */ = {isa = PBXBuildFile; fileRef = 9A3449301BCC1D6D00CB51C4 /* LaunchScreen.storyboard */; };
/* End PBXBuildFile section */

/* Begin PBXFileReference section */
		9A3449241BCC1D6D00CB51C4 /* SHIELD Hero Tracker.app */ = {isa = PBXFileReference; explicitFileType = wrapper.application; includeInIndex = 0; path = "SHIELD Hero Tracker.app"; sourceTree = BUILT_PRODUCTS_DIR; };
		9A3449271BCC1D6D00CB51C4 /* AppDelegate.swift */ = {isa = PBXFileReference; lastKnownFileType = sourcecode.swift; path = AppDelegate.swift; sourceTree = "<group>"; };
		9A3449291BCC1D6D00CB51C4 /* ViewController.swift */ = {isa = PBXFileReference; lastKnownFileType = sourcecode.swift; path = ViewController.swift; sourceTree = "<group>"; };
		9A34492C1BCC1D6D00CB51C4 /* Base */ = {isa = PBXFileReference; lastKnownFileType = file.storyboard; name = Base; path = Base.lproj/Main.storyboard; sourceTree = "<group>"; };
		9A34492E1BCC1D6D00CB51C4 /* Assets.xcassets */ = {isa = PBXFileReference; lastKnownFileType = folder.assetcatalog; path = Assets.xcassets; sourceTree = "<group>"; };
		9A3449311BCC1D6D00CB51C4 /* Base */ = {isa = PBXFileReference; lastKnownFileType = file.storyboard; name = Base; path = Base.lproj/LaunchScreen.storyboard; sourceTree = "<group>"; };
		9A3449331BCC1D6D00CB51C4 /* Info.plist */ = {isa = PBXFileReference; lastKnownFileType = text.plist.xml; path = Info.plist; sourceTree = "<group>"; };
/* End PBXFileReference section */

/* Begin PBXFrameworksBuildPhase section */
		9A3449211BCC1D6D00CB51C4 /* Frameworks */ = {
			isa = PBXFrameworksBuildPhase;
			buildActionMask = 2147483647;
			files = (
			);
			runOnlyForDeploymentPostprocessing = 0;
		};
/* End PBXFrameworksBuildPhase section */

/* Begin PBXGroup section */
		9A34491B1BCC1D6D00CB51C4 = {
			isa = PBXGroup;
			children = (
				9A3449261BCC1D6D00CB51C4 /* SHIELD Hero Tracker */,
				9A3449251BCC1D6D00CB51C4 /* Products */,
			);
			sourceTree = "<group>";
		};
		9A3449251BCC1D6D00CB51C4 /* Products */ = {
			isa = PBXGroup;
			children = (
				9A3449241BCC1D6D00CB51C4 /* SHIELD Hero Tracker.app */,
			);
			name = Products;
			sourceTree = "<group>";
		};
		9A3449261BCC1D6D00CB51C4 /* SHIELD Hero Tracker */ = {
			isa = PBXGroup;
			children = (
				9A3449271BCC1D6D00CB51C4 /* AppDelegate.swift */,
				9A3449291BCC1D6D00CB51C4 /* ViewController.swift */,
				9A34492B1BCC1D6D00CB51C4 /* Main.storyboard */,
				9A34492E1BCC1D6D00CB51C4 /* Assets.xcassets */,
				9A3449301BCC1D6D00CB51C4 /* LaunchScreen.storyboard */,
				9A3449331BCC1D6D00CB51C4 /* Info.plist */,
			);
			path = "SHIELD Hero Tracker";
			sourceTree = "<group>";
		};
/* End PBXGroup section */

/* Begin PBXNativeTarget section */
		9A3449231BCC1D6D00CB51C4 /* SHIELD Hero Tracker */ = {
			isa = PBXNativeTarget;
			buildConfigurationList = 9A3449361BCC1D6D00CB51C4 /* Build configuration list for PBXNativeTarget "SHIELD Hero Tracker" */;
			buildPhases = (
				9A3449201BCC1D6D00CB51C4 /* Sources */,
				9A3449211BCC1D6D00CB51C4 /* Frameworks */,
				9A3449221BCC1D6D00CB51C4 /* Resources */,
			);
			buildRules = (
			);
			dependencies = (
			);
			name = "SHIELD Hero Tracker";
			productName = "SHIELD Hero Tracker";
			productReference = 9A3449241BCC1D6D00CB51C4 /* SHIELD Hero Tracker.app */;
			productType = "com.apple.product-type.application";
		};
/* End PBXNativeTarget section */

/* Begin PBXProject section */
		9A34491C1BCC1D6D00CB51C4 /* Project object */ = {
			isa = PBXProject;
			attributes = {
				LastUpgradeCheck = 0700;
				ORGANIZATIONNAME = "The Iron Yard";
				TargetAttributes = {
					9A3449231BCC1D6D00CB51C4 = {
						CreatedOnToolsVersion = 7.0.1;
					};
				};
			};
			buildConfigurationList = 9A34491F1BCC1D6D00CB51C4 /* Build configuration list for PBXProject "SHIELD Hero Tracker" */;
			compatibilityVersion = "Xcode 3.2";
			developmentRegion = English;
			hasScannedForEncodings = 0;
			knownRegions = (
				en,
				Base,
			);
			mainGroup = 9A34491B1BCC1D6D00CB51C4;
			productRefGroup = 9A3449251BCC1D6D00CB51C4 /* Products */;
			projectDirPath = "";
			projectRoot = "";
			targets = (
				9A3449231BCC1D6D00CB51C4 /* SHIELD Hero Tracker */,
			);
		};
/* End PBXProject section */

/* Begin PBXResourcesBuildPhase section */
		9A3449221BCC1D6D00CB51C4 /* Resources */ = {
			isa = PBXResourcesBuildPhase;
			buildActionMask = 2147483647;
			files = (
				9A3449321BCC1D6D00CB51C4 /* LaunchScreen.storyboard in Resources */,
				9A34492F1BCC1D6D00CB51C4 /* Assets.xcassets in Resources */,
				9A34492D1BCC1D6D00CB51C4 /* Main.storyboard in Resources */,
			);
			runOnlyForDeploymentPostprocessing = 0;
		};
/* End PBXResourcesBuildPhase section */

/* Begin PBXSourcesBuildPhase section */
		9A3449201BCC1D6D00CB51C4 /* Sources */ = {
			isa = PBXSourcesBuildPhase;
			buildActionMask = 2147483647;
			files = (
				9A34492A1BCC1D6D00CB51C4 /* ViewController.swift in Sources */,
				9A3449281BCC1D6D00CB51C4 /* AppDelegate.swift in Sources */,
			);
			runOnlyForDeploymentPostprocessing = 0;
		};
/* End PBXSourcesBuildPhase section */

/* Begin PBXVariantGroup section */
		9A34492B1BCC1D6D00CB51C4 /* Main.storyboard */ = {
			isa = PBXVariantGroup;
			children = (
				9A34492C1BCC1D6D00CB51C4 /* Base */,
			);
			name = Main.storyboard;
			sourceTree = "<group>";
		};
		9A3449301BCC1D6D00CB51C4 /* LaunchScreen.storyboard */ = {
			isa = PBXVariantGroup;
			children = (
				9A3449311BCC1D6D00CB51C4 /* Base */,
			);
			name = LaunchScreen.storyboard;
			sourceTree = "<group>";
		};
/* End PBXVariantGroup section */

/* Begin XCBuildConfiguration section */
		9A3449341BCC1D6D00CB51C4 /* Debug */ = {
			isa = XCBuildConfiguration;
			buildSettings = {
				ALWAYS_SEARCH_USER_PATHS = NO;
				CLANG_CXX_LANGUAGE_STANDARD = "gnu++0x";
				CLANG_CXX_LIBRARY = "libc++";
				CLANG_ENABLE_MODULES = YES;
				CLANG_ENABLE_OBJC_ARC = YES;
				CLANG_WARN_BOOL_CONVERSION = YES;
				CLANG_WARN_CONSTANT_CONVERSION = YES;
				CLANG_WARN_DIRECT_OBJC_ISA_USAGE = YES_ERROR;
				CLANG_WARN_EMPTY_BODY = YES;
				CLANG_WARN_ENUM_CONVERSION = YES;
				CLANG_WARN_INT_CONVERSION = YES;
				CLANG_WARN_OBJC_ROOT_CLASS = YES_ERROR;
				CLANG_WARN_UNREACHABLE_CODE = YES;
				CLANG_WARN__DUPLICATE_METHOD_MATCH = YES;
				"CODE_SIGN_IDENTITY[sdk=iphoneos*]" = "iPhone Developer";
				COPY_PHASE_STRIP = NO;
				DEBUG_INFORMATION_FORMAT = dwarf;
				ENABLE_STRICT_OBJC_MSGSEND = YES;
				ENABLE_TESTABILITY = YES;
				GCC_C_LANGUAGE_STANDARD = gnu99;
				GCC_DYNAMIC_NO_PIC = NO;
				GCC_NO_COMMON_BLOCKS = YES;
				GCC_OPTIMIZATION_LEVEL = 0;
				GCC_PREPROCESSOR_DEFINITIONS = (
					"DEBUG=1",
					"$(inherited)",
				);
				GCC_WARN_64_TO_32_BIT_CONVERSION = YES;
				GCC_WARN_ABOUT_RETURN_TYPE = YES_ERROR;
				GCC_WARN_UNDECLARED_SELECTOR = YES;
				GCC_WARN_UNINITIALIZED_AUTOS = YES_AGGRESSIVE;
				GCC_WARN_UNUSED_FUNCTION = YES;
				GCC_WARN_UNUSED_VARIABLE = YES;
				IPHONEOS_DEPLOYMENT_TARGET = 9.0;
				MTL_ENABLE_DEBUG_INFO = YES;
				ONLY_ACTIVE_ARCH = YES;
				SDKROOT = iphoneos;
				SWIFT_OPTIMIZATION_LEVEL = "-Onone";
			};
			name = Debug;
		};
		9A3449351BCC1D6D00CB51C4 /* Release */ = {
			isa = XCBuildConfiguration;
			buildSettings = {
				ALWAYS_SEARCH_USER_PATHS = NO;
				CLANG_CXX_LANGUAGE_STANDARD = "gnu++0x";
				CLANG_CXX_LIBRARY = "libc++";
				CLANG_ENABLE_MODULES = YES;
				CLANG_ENABLE_OBJC_ARC = YES;
				CLANG_WARN_BOOL_CONVERSION = YES;
				CLANG_WARN_CONSTANT_CONVERSION = YES;
				CLANG_WARN_DIRECT_OBJC_ISA_USAGE = YES_ERROR;
				CLANG_WARN_EMPTY_BODY = YES;
				CLANG_WARN_ENUM_CONVERSION = YES;
				CLANG_WARN_INT_CONVERSION = YES;
				CLANG_WARN_OBJC_ROOT_CLASS = YES_ERROR;
				CLANG_WARN_UNREACHABLE_CODE = YES;
				CLANG_WARN__DUPLICATE_METHOD_MATCH = YES;
				"CODE_SIGN_IDENTITY[sdk=iphoneos*]" = "iPhone Developer";
				COPY_PHASE_STRIP = NO;
				DEBUG_INFORMATION_FORMAT = "dwarf-with-dsym";
				ENABLE_NS_ASSERTIONS = NO;
				ENABLE_STRICT_OBJC_MSGSEND = YES;
				GCC_C_LANGUAGE_STANDARD = gnu99;
				GCC_NO_COMMON_BLOCKS = YES;
				GCC_WARN_64_TO_32_BIT_CONVERSION = YES;
				GCC_WARN_ABOUT_RETURN_TYPE = YES_ERROR;
				GCC_WARN_UNDECLARED_SELECTOR = YES;
				GCC_WARN_UNINITIALIZED_AUTOS = YES_AGGRESSIVE;
				GCC_WARN_UNUSED_FUNCTION = YES;
				GCC_WARN_UNUSED_VARIABLE = YES;
				IPHONEOS_DEPLOYMENT_TARGET = 9.0;
				MTL_ENABLE_DEBUG_INFO = NO;
				SDKROOT = iphoneos;
				VALIDATE_PRODUCT = YES;
			};
			name = Release;
		};
		9A3449371BCC1D6D00CB51C4 /* Debug */ = {
			isa = XCBuildConfiguration;
			buildSettings = {
				ASSETCATALOG_COMPILER_APPICON_NAME = AppIcon;
				INFOPLIST_FILE = "SHIELD Hero Tracker/Info.plist";
				LD_RUNPATH_SEARCH_PATHS = "$(inherited) @executable_path/Frameworks";
				PRODUCT_BUNDLE_IDENTIFIER = "com.tiy.SHIELD-Hero-Tracker";
				PRODUCT_NAME = "$(TARGET_NAME)";
			};
			name = Debug;
		};
		9A3449381BCC1D6D00CB51C4 /* Release */ = {
			isa = XCBuildConfiguration;
			buildSettings = {
				ASSETCATALOG_COMPILER_APPICON_NAME = AppIcon;
				INFOPLIST_FILE = "SHIELD Hero Tracker/Info.plist";
				LD_RUNPATH_SEARCH_PATHS = "$(inherited) @executable_path/Frameworks";
				PRODUCT_BUNDLE_IDENTIFIER = "com.tiy.SHIELD-Hero-Tracker";
				PRODUCT_NAME = "$(TARGET_NAME)";
			};
			name = Release;
		};
/* End XCBuildConfiguration section */

/* Begin XCConfigurationList section */
		9A34491F1BCC1D6D00CB51C4 /* Build configuration list for PBXProject "SHIELD Hero Tracker" */ = {
			isa = XCConfigurationList;
			buildConfigurations = (
				9A3449341BCC1D6D00CB51C4 /* Debug */,
				9A3449351BCC1D6D00CB51C4 /* Release */,
			);
			defaultConfigurationIsVisible = 0;
			defaultConfigurationName = Release;
		};
		9A3449361BCC1D6D00CB51C4 /* Build configuration list for PBXNativeTarget "SHIELD Hero Tracker" */ = {
			isa = XCConfigurationList;
			buildConfigurations = (
				9A3449371BCC1D6D00CB51C4 /* Debug */,
				9A3449381BCC1D6D00CB51C4 /* Release */,
			);
			defaultConfigurationIsVisible = 0;
		};
/* End XCConfigurationList section */
	};
	rootObject = 9A34491C1BCC1D6D00CB51C4 /* Project object */;
}
